
Microsoft Visual Studio Solution File, Format Version 12.00
# Visual Studio Version 16
VisualStudioVersion = 16.0.29806.167
MinimumVisualStudioVersion = 10.0.40219.1
Project("{9A19103F-16F7-4668-BE54-9A1E7A4F7556}") = "ServerAPI", "ServerAPI.csproj", "{7AA45127-4FF7-4058-88C3-282CAF49826B}"
EndProject
Global
	GlobalSection(SolutionConfigurationPlatforms) = preSolution
		Debug|Any CPU = Debug|Any CPU
		Release|Any CPU = Release|Any CPU
	EndGlobalSection
	GlobalSection(ProjectConfigurationPlatforms) = postSolution
		{7AA45127-4FF7-4058-88C3-282CAF49826B}.Debug|Any CPU.ActiveCfg = Debug|Any CPU
		{7AA45127-4FF7-4058-88C3-282CAF49826B}.Debug|Any CPU.Build.0 = Debug|Any CPU
		{7AA45127-4FF7-4058-88C3-282CAF49826B}.Release|Any CPU.ActiveCfg = Release|Any CPU
		{7AA45127-4FF7-4058-88C3-282CAF49826B}.Release|Any CPU.Build.0 = Release|Any CPU
	EndGlobalSection
	GlobalSection(SolutionProperties) = preSolution
		HideSolutionNode = FALSE
	EndGlobalSection
	GlobalSection(ExtensibilityGlobals) = postSolution
		SolutionGuid = {2A3D6EDB-AD4E-4745-8D56-BA5E04D66B1F}
	EndGlobalSection
EndGlobal
